
Microsoft Visual Studio Solution File, Format Version 12.00
# Visual Studio Version 17
VisualStudioVersion = 17.14.36301.6 d17.14
MinimumVisualStudioVersion = 10.0.40219.1
Project("{FAE04EC0-301F-11D3-BF4B-00C04F79EFBC}") = "WebApplication1", "WebApplication1.csproj", "{B36DECEF-E57A-4736-B12E-04598E6E5080}"
EndProject
Global
	GlobalSection(SolutionConfigurationPlatforms) = preSolution
		Debug|Any CPU = Debug|Any CPU
		Release|Any CPU = Release|Any CPU
	EndGlobalSection
	GlobalSection(ProjectConfigurationPlatforms) = postSolution
		{B36DECEF-E57A-4736-B12E-04598E6E5080}.Debug|Any CPU.ActiveCfg = Debug|Any CPU
		{B36DECEF-E57A-4736-B12E-04598E6E5080}.Debug|Any CPU.Build.0 = Debug|Any CPU
		{B36DECEF-E57A-4736-B12E-04598E6E5080}.Release|Any CPU.ActiveCfg = Release|Any CPU
		{B36DECEF-E57A-4736-B12E-04598E6E5080}.Release|Any CPU.Build.0 = Release|Any CPU
	EndGlobalSection
	GlobalSection(SolutionProperties) = preSolution
		HideSolutionNode = FALSE
	EndGlobalSection
	GlobalSection(ExtensibilityGlobals) = postSolution
		SolutionGuid = {F67DEB12-4A82-435B-961C-2A5651D8ED80}
	EndGlobalSection
EndGlobal
